<Solution>
  <Folder Name="/src/" />
  <Folder Name="/src/api/">
    <Project Path="src/api/EnterpriseGuardrailPlatform.Api/EnterpriseGuardrailPlatform.Api.csproj" />
  </Folder>
  <Folder Name="/src/functions/">
    <Project Path="src/functions/EnterpriseGuardrailPlatform.Functions/EnterpriseGuardrailPlatform.Functions.csproj" />
  </Folder>
</Solution>
